// !$*UTF8*$!
{
	archiveVersion = 1;
	classes = {
	};
	objectVersion = 46;
	objects = {

/* Begin PBXBuildFile section */
		2CE94E061D1B3FE8008168E4 /* AppDelegate.swift in Sources */ = {isa = PBXBuildFile; fileRef = 2CE94E051D1B3FE8008168E4 /* AppDelegate.swift */; };
		2CE94E081D1B3FE8008168E4 /* FirstViewController.swift in Sources */ = {isa = PBXBuildFile; fileRef = 2CE94E071D1B3FE8008168E4 /* FirstViewController.swift */; };
		2CE94E0A1D1B3FE8008168E4 /* SecondViewController.swift in Sources */ = {isa = PBXBuildFile; fileRef = 2CE94E091D1B3FE8008168E4 /* SecondViewController.swift */; };
		2CE94E0D1D1B3FE8008168E4 /* Main.storyboard in Resources */ = {isa = PBXBuildFile; fileRef = 2CE94E0B1D1B3FE8008168E4 /* Main.storyboard */; };
		2CE94E0F1D1B3FE8008168E4 /* Images.xcassets in Resources */ = {isa = PBXBuildFile; fileRef = 2CE94E0E1D1B3FE8008168E4 /* Images.xcassets */; };
		2CE94E121D1B3FE8008168E4 /* LaunchScreen.xib in Resources */ = {isa = PBXBuildFile; fileRef = 2CE94E101D1B3FE8008168E4 /* LaunchScreen.xib */; };
		2CE94E1E1D1B3FE8008168E4 /* AlexTabberTests.swift in Sources */ = {isa = PBXBuildFile; fileRef = 2CE94E1D1D1B3FE8008168E4 /* AlexTabberTests.swift */; };
/* End PBXBuildFile section */

/* Begin PBXContainerItemProxy section */
		2CE94E181D1B3FE8008168E4 /* PBXContainerItemProxy */ = {
			isa = PBXContainerItemProxy;
			containerPortal = 2CE94DF81D1B3FE8008168E4 /* Project object */;
			proxyType = 1;
			remoteGlobalIDString = 2CE94DFF1D1B3FE8008168E4;
			remoteInfo = AlexTabber;
		};
/* End PBXContainerItemProxy section */

/* Begin PBXFileReference section */
		2CE94E001D1B3FE8008168E4 /* AlexTabber.app */ = {isa = PBXFileReference; explicitFileType = wrapper.application; includeInIndex = 0; path = AlexTabber.app; sourceTree = BUILT_PRODUCTS_DIR; };
		2CE94E041D1B3FE8008168E4 /* Info.plist */ = {isa = PBXFileReference; lastKnownFileType = text.plist.xml; path = Info.plist; sourceTree = "<group>"; };
		2CE94E051D1B3FE8008168E4 /* AppDelegate.swift */ = {isa = PBXFileReference; lastKnownFileType = sourcecode.swift; path = AppDelegate.swift; sourceTree = "<group>"; };
		2CE94E071D1B3FE8008168E4 /* FirstViewController.swift */ = {isa = PBXFileReference; lastKnownFileType = sourcecode.swift; path = FirstViewController.swift; sourceTree = "<group>"; };
		2CE94E091D1B3FE8008168E4 /* SecondViewController.swift */ = {isa = PBXFileReference; lastKnownFileType = sourcecode.swift; path = SecondViewController.swift; sourceTree = "<group>"; };
		2CE94E0C1D1B3FE8008168E4 /* Base */ = {isa = PBXFileReference; lastKnownFileType = file.storyboard; name = Base; path = Base.lproj/Main.storyboard; sourceTree = "<group>"; };
		2CE94E0E1D1B3FE8008168E4 /* Images.xcassets */ = {isa = PBXFileReference; lastKnownFileType = folder.assetcatalog; path = Images.xcassets; sourceTree = "<group>"; };
		2CE94E111D1B3FE8008168E4 /* Base */ = {isa = PBXFileReference; lastKnownFileType = file.xib; name = Base; path = Base.lproj/LaunchScreen.xib; sourceTree = "<group>"; };
		2CE94E171D1B3FE8008168E4 /* AlexTabberTests.xctest */ = {isa = PBXFileReference; explicitFileType = wrapper.cfbundle; includeInIndex = 0; path = AlexTabberTests.xctest; sourceTree = BUILT_PRODUCTS_DIR; };
		2CE94E1C1D1B3FE8008168E4 /* Info.plist */ = {isa = PBXFileReference; lastKnownFileType = text.plist.xml; path = Info.plist; sourceTree = "<group>"; };
		2CE94E1D1D1B3FE8008168E4 /* AlexTabberTests.swift */ = {isa = PBXFileReference; lastKnownFileType = sourcecode.swift; path = AlexTabberTests.swift; sourceTree = "<group>"; };
/* End PBXFileReference section */

/* Begin PBXFrameworksBuildPhase section */
		2CE94DFD1D1B3FE8008168E4 /* Frameworks */ = {
			isa = PBXFrameworksBuildPhase;
			buildActionMask = 2147483647;
			files = (
			);
			runOnlyForDeploymentPostprocessing = 0;
		};
		2CE94E141D1B3FE8008168E4 /* Frameworks */ = {
			isa = PBXFrameworksBuildPhase;
			buildActionMask = 2147483647;
			files = (
			);
			runOnlyForDeploymentPostprocessing = 0;
		};
/* End PBXFrameworksBuildPhase section */

/* Begin PBXGroup section */
		2CE94DF71D1B3FE8008168E4 = {
			isa = PBXGroup;
			children = (
				2CE94E021D1B3FE8008168E4 /* AlexTabber */,
				2CE94E1A1D1B3FE8008168E4 /* AlexTabberTests */,
				2CE94E011D1B3FE8008168E4 /* Products */,
			);
			sourceTree = "<group>";
		};
		2CE94E011D1B3FE8008168E4 /* Products */ = {
			isa = PBXGroup;
			children = (
				2CE94E001D1B3FE8008168E4 /* AlexTabber.app */,
				2CE94E171D1B3FE8008168E4 /* AlexTabberTests.xctest */,
			);
			name = Products;
			sourceTree = "<group>";
		};
		2CE94E021D1B3FE8008168E4 /* AlexTabber */ = {
			isa = PBXGroup;
			children = (
				2CE94E051D1B3FE8008168E4 /* AppDelegate.swift */,
				2CE94E071D1B3FE8008168E4 /* FirstViewController.swift */,
				2CE94E091D1B3FE8008168E4 /* SecondViewController.swift */,
				2CE94E0B1D1B3FE8008168E4 /* Main.storyboard */,
				2CE94E0E1D1B3FE8008168E4 /* Images.xcassets */,
				2CE94E101D1B3FE8008168E4 /* LaunchScreen.xib */,
				2CE94E031D1B3FE8008168E4 /* Supporting Files */,
			);
			path = AlexTabber;
			sourceTree = "<group>";
		};
		2CE94E031D1B3FE8008168E4 /* Supporting Files */ = {
			isa = PBXGroup;
			children = (
				2CE94E041D1B3FE8008168E4 /* Info.plist */,
			);
			name = "Supporting Files";
			sourceTree = "<group>";
		};
		2CE94E1A1D1B3FE8008168E4 /* AlexTabberTests */ = {
			isa = PBXGroup;
			children = (
				2CE94E1D1D1B3FE8008168E4 /* AlexTabberTests.swift */,
				2CE94E1B1D1B3FE8008168E4 /* Supporting Files */,
			);
			path = AlexTabberTests;
			sourceTree = "<group>";
		};
		2CE94E1B1D1B3FE8008168E4 /* Supporting Files */ = {
			isa = PBXGroup;
			children = (
				2CE94E1C1D1B3FE8008168E4 /* Info.plist */,
			);
			name = "Supporting Files";
			sourceTree = "<group>";
		};
/* End PBXGroup section */

/* Begin PBXNativeTarget section */
		2CE94DFF1D1B3FE8008168E4 /* AlexTabber */ = {
			isa = PBXNativeTarget;
			buildConfigurationList = 2CE94E211D1B3FE8008168E4 /* Build configuration list for PBXNativeTarget "AlexTabber" */;
			buildPhases = (
				2CE94DFC1D1B3FE8008168E4 /* Sources */,
				2CE94DFD1D1B3FE8008168E4 /* Frameworks */,
				2CE94DFE1D1B3FE8008168E4 /* Resources */,
			);
			buildRules = (
			);
			dependencies = (
			);
			name = AlexTabber;
			productName = AlexTabber;
			productReference = 2CE94E001D1B3FE8008168E4 /* AlexTabber.app */;
			productType = "com.apple.product-type.application";
		};
		2CE94E161D1B3FE8008168E4 /* AlexTabberTests */ = {
			isa = PBXNativeTarget;
			buildConfigurationList = 2CE94E241D1B3FE8008168E4 /* Build configuration list for PBXNativeTarget "AlexTabberTests" */;
			buildPhases = (
				2CE94E131D1B3FE8008168E4 /* Sources */,
				2CE94E141D1B3FE8008168E4 /* Frameworks */,
				2CE94E151D1B3FE8008168E4 /* Resources */,
			);
			buildRules = (
			);
			dependencies = (
				2CE94E191D1B3FE8008168E4 /* PBXTargetDependency */,
			);
			name = AlexTabberTests;
			productName = AlexTabberTests;
			productReference = 2CE94E171D1B3FE8008168E4 /* AlexTabberTests.xctest */;
			productType = "com.apple.product-type.bundle.unit-test";
		};
/* End PBXNativeTarget section */

/* Begin PBXProject section */
		2CE94DF81D1B3FE8008168E4 /* Project object */ = {
			isa = PBXProject;
			attributes = {
				LastUpgradeCheck = 0640;
				ORGANIZATIONNAME = QuadComputing;
				TargetAttributes = {
					2CE94DFF1D1B3FE8008168E4 = {
						CreatedOnToolsVersion = 6.4;
					};
					2CE94E161D1B3FE8008168E4 = {
						CreatedOnToolsVersion = 6.4;
						TestTargetID = 2CE94DFF1D1B3FE8008168E4;
					};
				};
			};
			buildConfigurationList = 2CE94DFB1D1B3FE8008168E4 /* Build configuration list for PBXProject "AlexTabber" */;
			compatibilityVersion = "Xcode 3.2";
			developmentRegion = English;
			hasScannedForEncodings = 0;
			knownRegions = (
				en,
				Base,
			);
			mainGroup = 2CE94DF71D1B3FE8008168E4;
			productRefGroup = 2CE94E011D1B3FE8008168E4 /* Products */;
			projectDirPath = "";
			projectRoot = "";
			targets = (
				2CE94DFF1D1B3FE8008168E4 /* AlexTabber */,
				2CE94E161D1B3FE8008168E4 /* AlexTabberTests */,
			);
		};
/* End PBXProject section */

/* Begin PBXResourcesBuildPhase section */
		2CE94DFE1D1B3FE8008168E4 /* Resources */ = {
			isa = PBXResourcesBuildPhase;
			buildActionMask = 2147483647;
			files = (
				2CE94E0D1D1B3FE8008168E4 /* Main.storyboard in Resources */,
				2CE94E121D1B3FE8008168E4 /* LaunchScreen.xib in Resources */,
				2CE94E0F1D1B3FE8008168E4 /* Images.xcassets in Resources */,
			);
			runOnlyForDeploymentPostprocessing = 0;
		};
		2CE94E151D1B3FE8008168E4 /* Resources */ = {
			isa = PBXResourcesBuildPhase;
			buildActionMask = 2147483647;
			files = (
			);
			runOnlyForDeploymentPostprocessing = 0;
		};
/* End PBXResourcesBuildPhase section */

/* Begin PBXSourcesBuildPhase section */
		2CE94DFC1D1B3FE8008168E4 /* Sources */ = {
			isa = PBXSourcesBuildPhase;
			buildActionMask = 2147483647;
			files = (
				2CE94E0A1D1B3FE8008168E4 /* SecondViewController.swift in Sources */,
				2CE94E061D1B3FE8008168E4 /* AppDelegate.swift in Sources */,
				2CE94E081D1B3FE8008168E4 /* FirstViewController.swift in Sources */,
			);
			runOnlyForDeploymentPostprocessing = 0;
		};
		2CE94E131D1B3FE8008168E4 /* Sources */ = {
			isa = PBXSourcesBuildPhase;
			buildActionMask = 2147483647;
			files = (
				2CE94E1E1D1B3FE8008168E4 /* AlexTabberTests.swift in Sources */,
			);
			runOnlyForDeploymentPostprocessing = 0;
		};
/* End PBXSourcesBuildPhase section */

/* Begin PBXTargetDependency section */
		2CE94E191D1B3FE8008168E4 /* PBXTargetDependency */ = {
			isa = PBXTargetDependency;
			target = 2CE94DFF1D1B3FE8008168E4 /* AlexTabber */;
			targetProxy = 2CE94E181D1B3FE8008168E4 /* PBXContainerItemProxy */;
		};
/* End PBXTargetDependency section */

/* Begin PBXVariantGroup section */
		2CE94E0B1D1B3FE8008168E4 /* Main.storyboard */ = {
			isa = PBXVariantGroup;
			children = (
				2CE94E0C1D1B3FE8008168E4 /* Base */,
			);
			name = Main.storyboard;
			sourceTree = "<group>";
		};
		2CE94E101D1B3FE8008168E4 /* LaunchScreen.xib */ = {
			isa = PBXVariantGroup;
			children = (
				2CE94E111D1B3FE8008168E4 /* Base */,
			);
			name = LaunchScreen.xib;
			sourceTree = "<group>";
		};
/* End PBXVariantGroup section */

/* Begin XCBuildConfiguration section */
		2CE94E1F1D1B3FE8008168E4 /* Debug */ = {
			isa = XCBuildConfiguration;
			buildSettings = {
				ALWAYS_SEARCH_USER_PATHS = NO;
				CLANG_CXX_LANGUAGE_STANDARD = "gnu++0x";
				CLANG_CXX_LIBRARY = "libc++";
				CLANG_ENABLE_MODULES = YES;
				CLANG_ENABLE_OBJC_ARC = YES;
				CLANG_WARN_BOOL_CONVERSION = YES;
				CLANG_WARN_CONSTANT_CONVERSION = YES;
				CLANG_WARN_DIRECT_OBJC_ISA_USAGE = YES_ERROR;
				CLANG_WARN_EMPTY_BODY = YES;
				CLANG_WARN_ENUM_CONVERSION = YES;
				CLANG_WARN_INT_CONVERSION = YES;
				CLANG_WARN_OBJC_ROOT_CLASS = YES_ERROR;
				CLANG_WARN_UNREACHABLE_CODE = YES;
				CLANG_WARN__DUPLICATE_METHOD_MATCH = YES;
				"CODE_SIGN_IDENTITY[sdk=iphoneos*]" = "iPhone Developer";
				COPY_PHASE_STRIP = NO;
				DEBUG_INFORMATION_FORMAT = "dwarf-with-dsym";
				ENABLE_STRICT_OBJC_MSGSEND = YES;
				GCC_C_LANGUAGE_STANDARD = gnu99;
				GCC_DYNAMIC_NO_PIC = NO;
				GCC_NO_COMMON_BLOCKS = YES;
				GCC_OPTIMIZATION_LEVEL = 0;
				GCC_PREPROCESSOR_DEFINITIONS = (
					"DEBUG=1",
					"$(inherited)",
				);
				GCC_SYMBOLS_PRIVATE_EXTERN = NO;
				GCC_WARN_64_TO_32_BIT_CONVERSION = YES;
				GCC_WARN_ABOUT_RETURN_TYPE = YES_ERROR;
				GCC_WARN_UNDECLARED_SELECTOR = YES;
				GCC_WARN_UNINITIALIZED_AUTOS = YES_AGGRESSIVE;
				GCC_WARN_UNUSED_FUNCTION = YES;
				GCC_WARN_UNUSED_VARIABLE = YES;
				IPHONEOS_DEPLOYMENT_TARGET = 8.4;
				MTL_ENABLE_DEBUG_INFO = YES;
				ONLY_ACTIVE_ARCH = YES;
				SDKROOT = iphoneos;
				SWIFT_OPTIMIZATION_LEVEL = "-Onone";
				TARGETED_DEVICE_FAMILY = "1,2";
			};
			name = Debug;
		};
		2CE94E201D1B3FE8008168E4 /* Release */ = {
			isa = XCBuildConfiguration;
			buildSettings = {
				ALWAYS_SEARCH_USER_PATHS = NO;
				CLANG_CXX_LANGUAGE_STANDARD = "gnu++0x";
				CLANG_CXX_LIBRARY = "libc++";
				CLANG_ENABLE_MODULES = YES;
				CLANG_ENABLE_OBJC_ARC = YES;
				CLANG_WARN_BOOL_CONVERSION = YES;
				CLANG_WARN_CONSTANT_CONVERSION = YES;
				CLANG_WARN_DIRECT_OBJC_ISA_USAGE = YES_ERROR;
				CLANG_WARN_EMPTY_BODY = YES;
				CLANG_WARN_ENUM_CONVERSION = YES;
				CLANG_WARN_INT_CONVERSION = YES;
				CLANG_WARN_OBJC_ROOT_CLASS = YES_ERROR;
				CLANG_WARN_UNREACHABLE_CODE = YES;
				CLANG_WARN__DUPLICATE_METHOD_MATCH = YES;
				"CODE_SIGN_IDENTITY[sdk=iphoneos*]" = "iPhone Developer";
				COPY_PHASE_STRIP = NO;
				DEBUG_INFORMATION_FORMAT = "dwarf-with-dsym";
				ENABLE_NS_ASSERTIONS = NO;
				ENABLE_STRICT_OBJC_MSGSEND = YES;
				GCC_C_LANGUAGE_STANDARD = gnu99;
				GCC_NO_COMMON_BLOCKS = YES;
				GCC_WARN_64_TO_32_BIT_CONVERSION = YES;
				GCC_WARN_ABOUT_RETURN_TYPE = YES_ERROR;
				GCC_WARN_UNDECLARED_SELECTOR = YES;
				GCC_WARN_UNINITIALIZED_AUTOS = YES_AGGRESSIVE;
				GCC_WARN_UNUSED_FUNCTION = YES;
				GCC_WARN_UNUSED_VARIABLE = YES;
				IPHONEOS_DEPLOYMENT_TARGET = 8.4;
				MTL_ENABLE_DEBUG_INFO = NO;
				SDKROOT = iphoneos;
				TARGETED_DEVICE_FAMILY = "1,2";
				VALIDATE_PRODUCT = YES;
			};
			name = Release;
		};
		2CE94E221D1B3FE8008168E4 /* Debug */ = {
			isa = XCBuildConfiguration;
			buildSettings = {
				ASSETCATALOG_COMPILER_APPICON_NAME = AppIcon;
				INFOPLIST_FILE = AlexTabber/Info.plist;
				LD_RUNPATH_SEARCH_PATHS = "$(inherited) @executable_path/Frameworks";
				PRODUCT_NAME = "$(TARGET_NAME)";
			};
			name = Debug;
		};
		2CE94E231D1B3FE8008168E4 /* Release */ = {
			isa = XCBuildConfiguration;
			buildSettings = {
				ASSETCATALOG_COMPILER_APPICON_NAME = AppIcon;
				INFOPLIST_FILE = AlexTabber/Info.plist;
				LD_RUNPATH_SEARCH_PATHS = "$(inherited) @executable_path/Frameworks";
				PRODUCT_NAME = "$(TARGET_NAME)";
			};
			name = Release;
		};
		2CE94E251D1B3FE8008168E4 /* Debug */ = {
			isa = XCBuildConfiguration;
			buildSettings = {
				BUNDLE_LOADER = "$(TEST_HOST)";
				FRAMEWORK_SEARCH_PATHS = (
					"$(SDKROOT)/Developer/Library/Frameworks",
					"$(inherited)",
				);
				GCC_PREPROCESSOR_DEFINITIONS = (
					"DEBUG=1",
					"$(inherited)",
				);
				INFOPLIST_FILE = AlexTabberTests/Info.plist;
				LD_RUNPATH_SEARCH_PATHS = "$(inherited) @executable_path/Frameworks @loader_path/Frameworks";
				PRODUCT_NAME = "$(TARGET_NAME)";
				TEST_HOST = "$(BUILT_PRODUCTS_DIR)/AlexTabber.app/AlexTabber";
			};
			name = Debug;
		};
		2CE94E261D1B3FE8008168E4 /* Release */ = {
			isa = XCBuildConfiguration;
			buildSettings = {
				BUNDLE_LOADER = "$(TEST_HOST)";
				FRAMEWORK_SEARCH_PATHS = (
					"$(SDKROOT)/Developer/Library/Frameworks",
					"$(inherited)",
				);
				INFOPLIST_FILE = AlexTabberTests/Info.plist;
				LD_RUNPATH_SEARCH_PATHS = "$(inherited) @executable_path/Frameworks @loader_path/Frameworks";
				PRODUCT_NAME = "$(TARGET_NAME)";
				TEST_HOST = "$(BUILT_PRODUCTS_DIR)/AlexTabber.app/AlexTabber";
			};
			name = Release;
		};
/* End XCBuildConfiguration section */

/* Begin XCConfigurationList section */
		2CE94DFB1D1B3FE8008168E4 /* Build configuration list for PBXProject "AlexTabber" */ = {
			isa = XCConfigurationList;
			buildConfigurations = (
				2CE94E1F1D1B3FE8008168E4 /* Debug */,
				2CE94E201D1B3FE8008168E4 /* Release */,
			);
			defaultConfigurationIsVisible = 0;
			defaultConfigurationName = Release;
		};
		2CE94E211D1B3FE8008168E4 /* Build configuration list for PBXNativeTarget "AlexTabber" */ = {
			isa = XCConfigurationList;
			buildConfigurations = (
				2CE94E221D1B3FE8008168E4 /* Debug */,
				2CE94E231D1B3FE8008168E4 /* Release */,
			);
			defaultConfigurationIsVisible = 0;
		};
		2CE94E241D1B3FE8008168E4 /* Build configuration list for PBXNativeTarget "AlexTabberTests" */ = {
			isa = XCConfigurationList;
			buildConfigurations = (
				2CE94E251D1B3FE8008168E4 /* Debug */,
				2CE94E261D1B3FE8008168E4 /* Release */,
			);
			defaultConfigurationIsVisible = 0;
		};
/* End XCConfigurationList section */
	};
	rootObject = 2CE94DF81D1B3FE8008168E4 /* Project object */;
}
